// !$*UTF8*$!
{
	archiveVersion = 1;
	classes = {
	};
	objectVersion = 55;
	objects = {

/* Begin PBXBuildFile section */
		AB1BF481287A3744007EE09E /* AppDelegate.swift in Sources */ = {isa = PBXBuildFile; fileRef = AB1BF480287A3744007EE09E /* AppDelegate.swift */; };
		AB1BF483287A3744007EE09E /* SceneDelegate.swift in Sources */ = {isa = PBXBuildFile; fileRef = AB1BF482287A3744007EE09E /* SceneDelegate.swift */; };
		AB1BF485287A3744007EE09E /* MapViewController.swift in Sources */ = {isa = PBXBuildFile; fileRef = AB1BF484287A3744007EE09E /* MapViewController.swift */; };
		AB1BF488287A3744007EE09E /* Main.storyboard in Resources */ = {isa = PBXBuildFile; fileRef = AB1BF486287A3744007EE09E /* Main.storyboard */; };
		AB1BF48A287A3744007EE09E /* Assets.xcassets in Resources */ = {isa = PBXBuildFile; fileRef = AB1BF489287A3744007EE09E /* Assets.xcassets */; };
		AB1BF48D287A3744007EE09E /* LaunchScreen.storyboard in Resources */ = {isa = PBXBuildFile; fileRef = AB1BF48B287A3744007EE09E /* LaunchScreen.storyboard */; };
		AB1BF495287A3907007EE09E /* LocationService.swift in Sources */ = {isa = PBXBuildFile; fileRef = AB1BF494287A3907007EE09E /* LocationService.swift */; };
		AB1BF498287A3B15007EE09E /* UserLocationUpdatedDelegate.swift in Sources */ = {isa = PBXBuildFile; fileRef = AB1BF497287A3B14007EE09E /* UserLocationUpdatedDelegate.swift */; };
		AB88997C287F7664005F7F66 /* MapViewModel.swift in Sources */ = {isa = PBXBuildFile; fileRef = AB88997B287F7664005F7F66 /* MapViewModel.swift */; };
/* End PBXBuildFile section */

/* Begin PBXFileReference section */
		AB1BF47D287A3744007EE09E /* RunningApp.app */ = {isa = PBXFileReference; explicitFileType = wrapper.application; includeInIndex = 0; path = RunningApp.app; sourceTree = BUILT_PRODUCTS_DIR; };
		AB1BF480287A3744007EE09E /* AppDelegate.swift */ = {isa = PBXFileReference; lastKnownFileType = sourcecode.swift; path = AppDelegate.swift; sourceTree = "<group>"; };
		AB1BF482287A3744007EE09E /* SceneDelegate.swift */ = {isa = PBXFileReference; lastKnownFileType = sourcecode.swift; path = SceneDelegate.swift; sourceTree = "<group>"; };
		AB1BF484287A3744007EE09E /* MapViewController.swift */ = {isa = PBXFileReference; lastKnownFileType = sourcecode.swift; path = MapViewController.swift; sourceTree = "<group>"; };
		AB1BF487287A3744007EE09E /* Base */ = {isa = PBXFileReference; lastKnownFileType = file.storyboard; name = Base; path = Base.lproj/Main.storyboard; sourceTree = "<group>"; };
		AB1BF489287A3744007EE09E /* Assets.xcassets */ = {isa = PBXFileReference; lastKnownFileType = folder.assetcatalog; path = Assets.xcassets; sourceTree = "<group>"; };
		AB1BF48C287A3744007EE09E /* Base */ = {isa = PBXFileReference; lastKnownFileType = file.storyboard; name = Base; path = Base.lproj/LaunchScreen.storyboard; sourceTree = "<group>"; };
		AB1BF48E287A3744007EE09E /* Info.plist */ = {isa = PBXFileReference; lastKnownFileType = text.plist.xml; path = Info.plist; sourceTree = "<group>"; };
		AB1BF494287A3907007EE09E /* LocationService.swift */ = {isa = PBXFileReference; lastKnownFileType = sourcecode.swift; path = LocationService.swift; sourceTree = "<group>"; };
		AB1BF497287A3B14007EE09E /* UserLocationUpdatedDelegate.swift */ = {isa = PBXFileReference; lastKnownFileType = sourcecode.swift; path = UserLocationUpdatedDelegate.swift; sourceTree = "<group>"; };
		AB88997B287F7664005F7F66 /* MapViewModel.swift */ = {isa = PBXFileReference; lastKnownFileType = sourcecode.swift; path = MapViewModel.swift; sourceTree = "<group>"; };
/* End PBXFileReference section */

/* Begin PBXFrameworksBuildPhase section */
		AB1BF47A287A3744007EE09E /* Frameworks */ = {
			isa = PBXFrameworksBuildPhase;
			buildActionMask = 2147483647;
			files = (
			);
			runOnlyForDeploymentPostprocessing = 0;
		};
/* End PBXFrameworksBuildPhase section */

/* Begin PBXGroup section */
		AB1BF474287A3744007EE09E = {
			isa = PBXGroup;
			children = (
				AB1BF47F287A3744007EE09E /* RunningApp */,
				AB1BF47E287A3744007EE09E /* Products */,
			);
			sourceTree = "<group>";
		};
		AB1BF47E287A3744007EE09E /* Products */ = {
			isa = PBXGroup;
			children = (
				AB1BF47D287A3744007EE09E /* RunningApp.app */,
			);
			name = Products;
			sourceTree = "<group>";
		};
		AB1BF47F287A3744007EE09E /* RunningApp */ = {
			isa = PBXGroup;
			children = (
				AB1BF480287A3744007EE09E /* AppDelegate.swift */,
				AB1BF482287A3744007EE09E /* SceneDelegate.swift */,
				AB1BF49B287A3CC7007EE09E /* Controllers */,
				AB1BF49A287A3CC1007EE09E /* Services */,
				AB1BF499287A3CBC007EE09E /* Protocols */,
				AB1BF486287A3744007EE09E /* Main.storyboard */,
				AB1BF489287A3744007EE09E /* Assets.xcassets */,
				AB1BF48B287A3744007EE09E /* LaunchScreen.storyboard */,
				AB1BF48E287A3744007EE09E /* Info.plist */,
			);
			path = RunningApp;
			sourceTree = "<group>";
		};
		AB1BF499287A3CBC007EE09E /* Protocols */ = {
			isa = PBXGroup;
			children = (
				AB1BF497287A3B14007EE09E /* UserLocationUpdatedDelegate.swift */,
			);
			path = Protocols;
			sourceTree = "<group>";
		};
		AB1BF49A287A3CC1007EE09E /* Services */ = {
			isa = PBXGroup;
			children = (
				AB1BF494287A3907007EE09E /* LocationService.swift */,
			);
			path = Services;
			sourceTree = "<group>";
		};
		AB1BF49B287A3CC7007EE09E /* Controllers */ = {
			isa = PBXGroup;
			children = (
				AB1BF484287A3744007EE09E /* MapViewController.swift */,
				AB88997B287F7664005F7F66 /* MapViewModel.swift */,
			);
			path = Controllers;
			sourceTree = "<group>";
		};
/* End PBXGroup section */

/* Begin PBXNativeTarget section */
		AB1BF47C287A3744007EE09E /* RunningApp */ = {
			isa = PBXNativeTarget;
			buildConfigurationList = AB1BF491287A3744007EE09E /* Build configuration list for PBXNativeTarget "RunningApp" */;
			buildPhases = (
				AB1BF479287A3744007EE09E /* Sources */,
				AB1BF47A287A3744007EE09E /* Frameworks */,
				AB1BF47B287A3744007EE09E /* Resources */,
				AB1BF496287A3A4D007EE09E /* SwiftLint */,
			);
			buildRules = (
			);
			dependencies = (
			);
			name = RunningApp;
			productName = RunningApp;
			productReference = AB1BF47D287A3744007EE09E /* RunningApp.app */;
			productType = "com.apple.product-type.application";
		};
/* End PBXNativeTarget section */

/* Begin PBXProject section */
		AB1BF475287A3744007EE09E /* Project object */ = {
			isa = PBXProject;
			attributes = {
				BuildIndependentTargetsInParallel = 1;
				LastSwiftUpdateCheck = 1340;
				LastUpgradeCheck = 1340;
				TargetAttributes = {
					AB1BF47C287A3744007EE09E = {
						CreatedOnToolsVersion = 13.4.1;
					};
				};
			};
			buildConfigurationList = AB1BF478287A3744007EE09E /* Build configuration list for PBXProject "RunningApp" */;
			compatibilityVersion = "Xcode 13.0";
			developmentRegion = en;
			hasScannedForEncodings = 0;
			knownRegions = (
				en,
				Base,
			);
			mainGroup = AB1BF474287A3744007EE09E;
			productRefGroup = AB1BF47E287A3744007EE09E /* Products */;
			projectDirPath = "";
			projectRoot = "";
			targets = (
				AB1BF47C287A3744007EE09E /* RunningApp */,
			);
		};
/* End PBXProject section */

/* Begin PBXResourcesBuildPhase section */
		AB1BF47B287A3744007EE09E /* Resources */ = {
			isa = PBXResourcesBuildPhase;
			buildActionMask = 2147483647;
			files = (
				AB1BF48D287A3744007EE09E /* LaunchScreen.storyboard in Resources */,
				AB1BF48A287A3744007EE09E /* Assets.xcassets in Resources */,
				AB1BF488287A3744007EE09E /* Main.storyboard in Resources */,
			);
			runOnlyForDeploymentPostprocessing = 0;
		};
/* End PBXResourcesBuildPhase section */

/* Begin PBXShellScriptBuildPhase section */
		AB1BF496287A3A4D007EE09E /* SwiftLint */ = {
			isa = PBXShellScriptBuildPhase;
			buildActionMask = 2147483647;
			files = (
			);
			inputFileListPaths = (
			);
			inputPaths = (
			);
			name = SwiftLint;
			outputFileListPaths = (
			);
			outputPaths = (
			);
			runOnlyForDeploymentPostprocessing = 0;
			shellPath = /bin/sh;
			shellScript = "if test -d \"/opt/homebrew/bin/\"; then\n  PATH=\"/opt/homebrew/bin/:${PATH}\"\nfi\n\nexport PATH\n\nif which swiftlint >/dev/null; then\n  swiftlint\nelse\n  echo \"warning: SwiftLint not installed, download from https://github.com/realm/SwiftLint\"\nfi\n";
		};
/* End PBXShellScriptBuildPhase section */

/* Begin PBXSourcesBuildPhase section */
		AB1BF479287A3744007EE09E /* Sources */ = {
			isa = PBXSourcesBuildPhase;
			buildActionMask = 2147483647;
			files = (
				AB1BF485287A3744007EE09E /* MapViewController.swift in Sources */,
				AB1BF498287A3B15007EE09E /* UserLocationUpdatedDelegate.swift in Sources */,
				AB1BF481287A3744007EE09E /* AppDelegate.swift in Sources */,
				AB1BF495287A3907007EE09E /* LocationService.swift in Sources */,
				AB1BF483287A3744007EE09E /* SceneDelegate.swift in Sources */,
				AB88997C287F7664005F7F66 /* MapViewModel.swift in Sources */,
			);
			runOnlyForDeploymentPostprocessing = 0;
		};
/* End PBXSourcesBuildPhase section */

/* Begin PBXVariantGroup section */
		AB1BF486287A3744007EE09E /* Main.storyboard */ = {
			isa = PBXVariantGroup;
			children = (
				AB1BF487287A3744007EE09E /* Base */,
			);
			name = Main.storyboard;
			sourceTree = "<group>";
		};
		AB1BF48B287A3744007EE09E /* LaunchScreen.storyboard */ = {
			isa = PBXVariantGroup;
			children = (
				AB1BF48C287A3744007EE09E /* Base */,
			);
			name = LaunchScreen.storyboard;
			sourceTree = "<group>";
		};
/* End PBXVariantGroup section */

/* Begin XCBuildConfiguration section */
		AB1BF48F287A3744007EE09E /* Debug */ = {
			isa = XCBuildConfiguration;
			buildSettings = {
				ALWAYS_SEARCH_USER_PATHS = NO;
				CLANG_ANALYZER_NONNULL = YES;
				CLANG_ANALYZER_NUMBER_OBJECT_CONVERSION = YES_AGGRESSIVE;
				CLANG_CXX_LANGUAGE_STANDARD = "gnu++17";
				CLANG_ENABLE_MODULES = YES;
				CLANG_ENABLE_OBJC_ARC = YES;
				CLANG_ENABLE_OBJC_WEAK = YES;
				CLANG_WARN_BLOCK_CAPTURE_AUTORELEASING = YES;
				CLANG_WARN_BOOL_CONVERSION = YES;
				CLANG_WARN_COMMA = YES;
				CLANG_WARN_CONSTANT_CONVERSION = YES;
				CLANG_WARN_DEPRECATED_OBJC_IMPLEMENTATIONS = YES;
				CLANG_WARN_DIRECT_OBJC_ISA_USAGE = YES_ERROR;
				CLANG_WARN_DOCUMENTATION_COMMENTS = YES;
				CLANG_WARN_EMPTY_BODY = YES;
				CLANG_WARN_ENUM_CONVERSION = YES;
				CLANG_WARN_INFINITE_RECURSION = YES;
				CLANG_WARN_INT_CONVERSION = YES;
				CLANG_WARN_NON_LITERAL_NULL_CONVERSION = YES;
				CLANG_WARN_OBJC_IMPLICIT_RETAIN_SELF = YES;
				CLANG_WARN_OBJC_LITERAL_CONVERSION = YES;
				CLANG_WARN_OBJC_ROOT_CLASS = YES_ERROR;
				CLANG_WARN_QUOTED_INCLUDE_IN_FRAMEWORK_HEADER = YES;
				CLANG_WARN_RANGE_LOOP_ANALYSIS = YES;
				CLANG_WARN_STRICT_PROTOTYPES = YES;
				CLANG_WARN_SUSPICIOUS_MOVE = YES;
				CLANG_WARN_UNGUARDED_AVAILABILITY = YES_AGGRESSIVE;
				CLANG_WARN_UNREACHABLE_CODE = YES;
				CLANG_WARN__DUPLICATE_METHOD_MATCH = YES;
				COPY_PHASE_STRIP = NO;
				DEBUG_INFORMATION_FORMAT = dwarf;
				ENABLE_STRICT_OBJC_MSGSEND = YES;
				ENABLE_TESTABILITY = YES;
				GCC_C_LANGUAGE_STANDARD = gnu11;
				GCC_DYNAMIC_NO_PIC = NO;
				GCC_NO_COMMON_BLOCKS = YES;
				GCC_OPTIMIZATION_LEVEL = 0;
				GCC_PREPROCESSOR_DEFINITIONS = (
					"DEBUG=1",
					"$(inherited)",
				);
				GCC_WARN_64_TO_32_BIT_CONVERSION = YES;
				GCC_WARN_ABOUT_RETURN_TYPE = YES_ERROR;
				GCC_WARN_UNDECLARED_SELECTOR = YES;
				GCC_WARN_UNINITIALIZED_AUTOS = YES_AGGRESSIVE;
				GCC_WARN_UNUSED_FUNCTION = YES;
				GCC_WARN_UNUSED_VARIABLE = YES;
				IPHONEOS_DEPLOYMENT_TARGET = 15.5;
				MTL_ENABLE_DEBUG_INFO = INCLUDE_SOURCE;
				MTL_FAST_MATH = YES;
				ONLY_ACTIVE_ARCH = YES;
				SDKROOT = iphoneos;
				SWIFT_ACTIVE_COMPILATION_CONDITIONS = DEBUG;
				SWIFT_OPTIMIZATION_LEVEL = "-Onone";
			};
			name = Debug;
		};
		AB1BF490287A3744007EE09E /* Release */ = {
			isa = XCBuildConfiguration;
			buildSettings = {
				ALWAYS_SEARCH_USER_PATHS = NO;
				CLANG_ANALYZER_NONNULL = YES;
				CLANG_ANALYZER_NUMBER_OBJECT_CONVERSION = YES_AGGRESSIVE;
				CLANG_CXX_LANGUAGE_STANDARD = "gnu++17";
				CLANG_ENABLE_MODULES = YES;
				CLANG_ENABLE_OBJC_ARC = YES;
				CLANG_ENABLE_OBJC_WEAK = YES;
				CLANG_WARN_BLOCK_CAPTURE_AUTORELEASING = YES;
				CLANG_WARN_BOOL_CONVERSION = YES;
				CLANG_WARN_COMMA = YES;
				CLANG_WARN_CONSTANT_CONVERSION = YES;
				CLANG_WARN_DEPRECATED_OBJC_IMPLEMENTATIONS = YES;
				CLANG_WARN_DIRECT_OBJC_ISA_USAGE = YES_ERROR;
				CLANG_WARN_DOCUMENTATION_COMMENTS = YES;
				CLANG_WARN_EMPTY_BODY = YES;
				CLANG_WARN_ENUM_CONVERSION = YES;
				CLANG_WARN_INFINITE_RECURSION = YES;
				CLANG_WARN_INT_CONVERSION = YES;
				CLANG_WARN_NON_LITERAL_NULL_CONVERSION = YES;
				CLANG_WARN_OBJC_IMPLICIT_RETAIN_SELF = YES;
				CLANG_WARN_OBJC_LITERAL_CONVERSION = YES;
				CLANG_WARN_OBJC_ROOT_CLASS = YES_ERROR;
				CLANG_WARN_QUOTED_INCLUDE_IN_FRAMEWORK_HEADER = YES;
				CLANG_WARN_RANGE_LOOP_ANALYSIS = YES;
				CLANG_WARN_STRICT_PROTOTYPES = YES;
				CLANG_WARN_SUSPICIOUS_MOVE = YES;
				CLANG_WARN_UNGUARDED_AVAILABILITY = YES_AGGRESSIVE;
				CLANG_WARN_UNREACHABLE_CODE = YES;
				CLANG_WARN__DUPLICATE_METHOD_MATCH = YES;
				COPY_PHASE_STRIP = NO;
				DEBUG_INFORMATION_FORMAT = "dwarf-with-dsym";
				ENABLE_NS_ASSERTIONS = NO;
				ENABLE_STRICT_OBJC_MSGSEND = YES;
				GCC_C_LANGUAGE_STANDARD = gnu11;
				GCC_NO_COMMON_BLOCKS = YES;
				GCC_WARN_64_TO_32_BIT_CONVERSION = YES;
				GCC_WARN_ABOUT_RETURN_TYPE = YES_ERROR;
				GCC_WARN_UNDECLARED_SELECTOR = YES;
				GCC_WARN_UNINITIALIZED_AUTOS = YES_AGGRESSIVE;
				GCC_WARN_UNUSED_FUNCTION = YES;
				GCC_WARN_UNUSED_VARIABLE = YES;
				IPHONEOS_DEPLOYMENT_TARGET = 15.5;
				MTL_ENABLE_DEBUG_INFO = NO;
				MTL_FAST_MATH = YES;
				SDKROOT = iphoneos;
				SWIFT_COMPILATION_MODE = wholemodule;
				SWIFT_OPTIMIZATION_LEVEL = "-O";
				VALIDATE_PRODUCT = YES;
			};
			name = Release;
		};
		AB1BF492287A3744007EE09E /* Debug */ = {
			isa = XCBuildConfiguration;
			buildSettings = {
				ASSETCATALOG_COMPILER_APPICON_NAME = AppIcon;
				ASSETCATALOG_COMPILER_GLOBAL_ACCENT_COLOR_NAME = AccentColor;
				CODE_SIGN_STYLE = Automatic;
				CURRENT_PROJECT_VERSION = 1;
				DEVELOPMENT_TEAM = 9LT5ZRK64X;
				GENERATE_INFOPLIST_FILE = YES;
				INFOPLIST_FILE = RunningApp/Info.plist;
				INFOPLIST_KEY_UIApplicationSupportsIndirectInputEvents = YES;
				INFOPLIST_KEY_UILaunchStoryboardName = LaunchScreen;
				INFOPLIST_KEY_UISupportedInterfaceOrientations_iPad = "UIInterfaceOrientationPortrait UIInterfaceOrientationPortraitUpsideDown UIInterfaceOrientationLandscapeLeft UIInterfaceOrientationLandscapeRight";
				INFOPLIST_KEY_UISupportedInterfaceOrientations_iPhone = "UIInterfaceOrientationPortrait UIInterfaceOrientationLandscapeLeft UIInterfaceOrientationLandscapeRight";
				LD_RUNPATH_SEARCH_PATHS = (
					"$(inherited)",
					"@executable_path/Frameworks",
				);
				MARKETING_VERSION = 1.0;
				PRODUCT_BUNDLE_IDENTIFIER = com.julianmichaeltechnologies.RunningApp;
				PRODUCT_NAME = "$(TARGET_NAME)";
				SWIFT_EMIT_LOC_STRINGS = YES;
				SWIFT_VERSION = 5.0;
				TARGETED_DEVICE_FAMILY = "1,2";
			};
			name = Debug;
		};
		AB1BF493287A3744007EE09E /* Release */ = {
			isa = XCBuildConfiguration;
			buildSettings = {
				ASSETCATALOG_COMPILER_APPICON_NAME = AppIcon;
				ASSETCATALOG_COMPILER_GLOBAL_ACCENT_COLOR_NAME = AccentColor;
				CODE_SIGN_STYLE = Automatic;
				CURRENT_PROJECT_VERSION = 1;
				DEVELOPMENT_TEAM = 9LT5ZRK64X;
				GENERATE_INFOPLIST_FILE = YES;
				INFOPLIST_FILE = RunningApp/Info.plist;
				INFOPLIST_KEY_UIApplicationSupportsIndirectInputEvents = YES;
				INFOPLIST_KEY_UILaunchStoryboardName = LaunchScreen;
				INFOPLIST_KEY_UISupportedInterfaceOrientations_iPad = "UIInterfaceOrientationPortrait UIInterfaceOrientationPortraitUpsideDown UIInterfaceOrientationLandscapeLeft UIInterfaceOrientationLandscapeRight";
				INFOPLIST_KEY_UISupportedInterfaceOrientations_iPhone = "UIInterfaceOrientationPortrait UIInterfaceOrientationLandscapeLeft UIInterfaceOrientationLandscapeRight";
				LD_RUNPATH_SEARCH_PATHS = (
					"$(inherited)",
					"@executable_path/Frameworks",
				);
				MARKETING_VERSION = 1.0;
				PRODUCT_BUNDLE_IDENTIFIER = com.julianmichaeltechnologies.RunningApp;
				PRODUCT_NAME = "$(TARGET_NAME)";
				SWIFT_EMIT_LOC_STRINGS = YES;
				SWIFT_VERSION = 5.0;
				TARGETED_DEVICE_FAMILY = "1,2";
			};
			name = Release;
		};
/* End XCBuildConfiguration section */

/* Begin XCConfigurationList section */
		AB1BF478287A3744007EE09E /* Build configuration list for PBXProject "RunningApp" */ = {
			isa = XCConfigurationList;
			buildConfigurations = (
				AB1BF48F287A3744007EE09E /* Debug */,
				AB1BF490287A3744007EE09E /* Release */,
			);
			defaultConfigurationIsVisible = 0;
			defaultConfigurationName = Release;
		};
		AB1BF491287A3744007EE09E /* Build configuration list for PBXNativeTarget "RunningApp" */ = {
			isa = XCConfigurationList;
			buildConfigurations = (
				AB1BF492287A3744007EE09E /* Debug */,
				AB1BF493287A3744007EE09E /* Release */,
			);
			defaultConfigurationIsVisible = 0;
			defaultConfigurationName = Release;
		};
/* End XCConfigurationList section */
	};
	rootObject = AB1BF475287A3744007EE09E /* Project object */;
}
